<?xml version="1.0" encoding="utf-8"?>
<Project ToolsVersion="4.0" xmlns="http://schemas.microsoft.com/developer/msbuild/2003">
  <ItemGroup>
    <Filter Include="Source Files">
      <UniqueIdentifier>{4FC737F1-C7A5-4376-A066-2A32D752A2FF}</UniqueIdentifier>
      <Extensions>cpp;c;cc;cxx;def;odl;idl;hpj;bat;asm;asmx</Extensions>
    </Filter>
    <Filter Include="Header Files">
      <UniqueIdentifier>{93995380-89BD-4b04-88EB-625FBE52EBFB}</UniqueIdentifier>
      <Extensions>h;hh;hpp;hxx;hm;inl;inc;xsd</Extensions>
    </Filter>
    <Filter Include="Resource Files">
      <UniqueIdentifier>{67DA6AB6-F800-4c08-8B7A-83BB121AAD01}</UniqueIdentifier>
      <Extensions>rc;ico;cur;bmp;dlg;rc2;rct;bin;rgs;gif;jpg;jpeg;jpe;resx;tiff;tif;png;wav;mfcribbon-ms</Extensions>
    </Filter>
    <Filter Include="Resource Files\nsp">
      <UniqueIdentifier>{efd003af-5799-4de3-8dfb-fe5b58fd16ce}</UniqueIdentifier>
    </Filter>
    <Filter Include="Resource Files\nsp\icom">
      <UniqueIdentifier>{523d9d29-3d10-4c5d-a28b-33ead7271163}</UniqueIdentifier>
    </Filter>
  </ItemGroup>
  <ItemGroup>
    <ClCompile Include="..\args.cpp">
      <Filter>Source Files</Filter>
    </ClCompile>
    <ClCompile Include="..\entry.cpp">
      <Filter>Source Files</Filter>
    </ClCompile>
    <ClCompile Include="..\session.cpp">
      <Filter>Source Files</Filter>
    </ClCompile>
    <ClCompile Include="..\..\libnsp\encrypt.cpp">
      <Filter>Resource Files\nsp</Filter>
    </ClCompile>
    <ClCompile Include="..\..\libnsp\endpoint.cpp">
      <Filter>Resource Files\nsp</Filter>
    </ClCompile>
    <ClCompile Include="..\..\libnsp\log.cpp">
      <Filter>Resource Files\nsp</Filter>
    </ClCompile>
    <ClCompile Include="..\..\libnsp\network_handler.cpp">
      <Filter>Resource Files\nsp</Filter>
    </ClCompile>
    <ClCompile Include="..\..\libnsp\os_util.cpp">
      <Filter>Resource Files\nsp</Filter>
    </ClCompile>
    <ClCompile Include="..\..\libnsp\swnet.cpp">
      <Filter>Resource Files\nsp</Filter>
    </ClCompile>
    <ClCompile Include="..\..\libnsp\toolkit.cpp">
      <Filter>Resource Files\nsp</Filter>
    </ClCompile>
    <ClCompile Include="..\filemode.cpp">
      <Filter>Source Files</Filter>
    </ClCompile>
    <ClCompile Include="..\sess_stat.cpp">
      <Filter>Source Files</Filter>
    </ClCompile>
  </ItemGroup>
  <ItemGroup>
    <ClInclude Include="..\args.h">
      <Filter>Header Files</Filter>
    </ClInclude>
    <ClInclude Include="..\session.h">
      <Filter>Header Files</Filter>
    </ClInclude>
    <ClInclude Include="..\..\libnsp\application_network_framwork.hpp">
      <Filter>Resource Files\nsp</Filter>
    </ClInclude>
    <ClInclude Include="..\..\libnsp\endpoint.h">
      <Filter>Resource Files\nsp</Filter>
    </ClInclude>
    <ClInclude Include="..\..\libnsp\exception.hpp">
      <Filter>Resource Files\nsp</Filter>
    </ClInclude>
    <ClInclude Include="..\..\libnsp\log.h">
      <Filter>Resource Files\nsp</Filter>
    </ClInclude>
    <ClInclude Include="..\..\libnsp\network_handler.h">
      <Filter>Resource Files\nsp</Filter>
    </ClInclude>
    <ClInclude Include="..\..\libnsp\old.hpp">
      <Filter>Resource Files\nsp</Filter>
    </ClInclude>
    <ClInclude Include="..\..\libnsp\os_util.hpp">
      <Filter>Resource Files\nsp</Filter>
    </ClInclude>
    <ClInclude Include="..\..\libnsp\serialize.hpp">
      <Filter>Resource Files\nsp</Filter>
    </ClInclude>
    <ClInclude Include="..\..\libnsp\singleton.hpp">
      <Filter>Resource Files\nsp</Filter>
    </ClInclude>
    <ClInclude Include="..\..\libnsp\swnet.h">
      <Filter>Resource Files\nsp</Filter>
    </ClInclude>
    <ClInclude Include="..\..\libnsp\task_scheduler.hpp">
      <Filter>Resource Files\nsp</Filter>
    </ClInclude>
    <ClInclude Include="..\..\libnsp\toolkit.h">
      <Filter>Resource Files\nsp</Filter>
    </ClInclude>
    <ClInclude Include="..\..\libnsp\icom\avltree.h">
      <Filter>Resource Files\nsp\icom</Filter>
    </ClInclude>
    <ClInclude Include="..\..\libnsp\icom\base64.h">
      <Filter>Resource Files\nsp\icom</Filter>
    </ClInclude>
    <ClInclude Include="..\..\libnsp\icom\clist.h">
      <Filter>Resource Files\nsp\icom</Filter>
    </ClInclude>
    <ClInclude Include="..\..\libnsp\icom\compiler.h">
      <Filter>Resource Files\nsp\icom</Filter>
    </ClInclude>
    <ClInclude Include="..\..\libnsp\icom\crc32.h">
      <Filter>Resource Files\nsp\icom</Filter>
    </ClInclude>
    <ClInclude Include="..\..\libnsp\icom\des.h">
      <Filter>Resource Files\nsp\icom</Filter>
    </ClInclude>
    <ClInclude Include="..\..\libnsp\icom\logger.h">
      <Filter>Resource Files\nsp\icom</Filter>
    </ClInclude>
    <ClInclude Include="..\..\libnsp\icom\md5.h">
      <Filter>Resource Files\nsp\icom</Filter>
    </ClInclude>
    <ClInclude Include="..\..\libnsp\icom\nis.h">
      <Filter>Resource Files\nsp\icom</Filter>
    </ClInclude>
    <ClInclude Include="..\..\libnsp\icom\nisdef.h">
      <Filter>Resource Files\nsp\icom</Filter>
    </ClInclude>
    <ClInclude Include="..\..\libnsp\icom\object.h">
      <Filter>Resource Files\nsp\icom</Filter>
    </ClInclude>
    <ClInclude Include="..\..\libnsp\icom\posix_atomic.h">
      <Filter>Resource Files\nsp\icom</Filter>
    </ClInclude>
    <ClInclude Include="..\..\libnsp\icom\posix_ifos.h">
      <Filter>Resource Files\nsp\icom</Filter>
    </ClInclude>
    <ClInclude Include="..\..\libnsp\icom\posix_naos.h">
      <Filter>Resource Files\nsp\icom</Filter>
    </ClInclude>
    <ClInclude Include="..\..\libnsp\icom\posix_string.h">
      <Filter>Resource Files\nsp\icom</Filter>
    </ClInclude>
    <ClInclude Include="..\..\libnsp\icom\posix_thread.h">
      <Filter>Resource Files\nsp\icom</Filter>
    </ClInclude>
    <ClInclude Include="..\..\libnsp\icom\posix_time.h">
      <Filter>Resource Files\nsp\icom</Filter>
    </ClInclude>
    <ClInclude Include="..\..\libnsp\icom\posix_types.h">
      <Filter>Resource Files\nsp\icom</Filter>
    </ClInclude>
    <ClInclude Include="..\..\libnsp\icom\posix_wait.h">
      <Filter>Resource Files\nsp\icom</Filter>
    </ClInclude>
    <ClInclude Include="getopt.h">
      <Filter>Header Files</Filter>
    </ClInclude>
    <ClInclude Include="..\filemode.h">
      <Filter>Header Files</Filter>
    </ClInclude>
    <ClInclude Include="..\proto.hpp">
      <Filter>Header Files</Filter>
    </ClInclude>
    <ClInclude Include="..\sess_stat.h">
      <Filter>Header Files</Filter>
    </ClInclude>
  </ItemGroup>
</Project>